# @generated - this file is auto-generated by `mise lock` https://mise.jdx.dev/dev-tools/mise-lock.html

[[tools."aqua:KnickKnackLabs/bats-core"]]
version = "1.14.0-kkl.1"
backend = "aqua:KnickKnackLabs/bats-core"

[[tools."aqua:shenwei356/rush"]]
version = "0.9.0"
backend = "aqua:shenwei356/rush"

[[tools."shiv:codebase"]]
version = "0.4.4"
backend = "shiv:codebase"

[[tools."shiv:readme"]]
version = "0.3.1"
backend = "shiv:readme"

[[tools.uv]]
version = "0.10.0"
backend = "asdf:uv"
